
Microsoft Visual Studio Solution File, Format Version 12.00
# Visual Studio Version 17
VisualStudioVersion = 17.10.35122.118
MinimumVisualStudioVersion = 10.0.40219.1
Project("{FAE04EC0-301F-11D3-BF4B-00C04F79EFBC}") = "01", "arrays-more-exersice\01.csproj", "{8503F23A-FB47-4278-A061-E67B12F36BB0}"
EndProject
Project("{FAE04EC0-301F-11D3-BF4B-00C04F79EFBC}") = "02", "02\02.csproj", "{E3349E0F-74D6-40BB-ACAF-737A611FEF14}"
EndProject
Global
	GlobalSection(SolutionConfigurationPlatforms) = preSolution
		Debug|Any CPU = Debug|Any CPU
		Release|Any CPU = Release|Any CPU
	EndGlobalSection
	GlobalSection(ProjectConfigurationPlatforms) = postSolution
		{8503F23A-FB47-4278-A061-E67B12F36BB0}.Debug|Any CPU.ActiveCfg = Debug|Any CPU
		{8503F23A-FB47-4278-A061-E67B12F36BB0}.Debug|Any CPU.Build.0 = Debug|Any CPU
		{8503F23A-FB47-4278-A061-E67B12F36BB0}.Release|Any CPU.ActiveCfg = Release|Any CPU
		{8503F23A-FB47-4278-A061-E67B12F36BB0}.Release|Any CPU.Build.0 = Release|Any CPU
		{E3349E0F-74D6-40BB-ACAF-737A611FEF14}.Debug|Any CPU.ActiveCfg = Debug|Any CPU
		{E3349E0F-74D6-40BB-ACAF-737A611FEF14}.Debug|Any CPU.Build.0 = Debug|Any CPU
		{E3349E0F-74D6-40BB-ACAF-737A611FEF14}.Release|Any CPU.ActiveCfg = Release|Any CPU
		{E3349E0F-74D6-40BB-ACAF-737A611FEF14}.Release|Any CPU.Build.0 = Release|Any CPU
	EndGlobalSection
	GlobalSection(SolutionProperties) = preSolution
		HideSolutionNode = FALSE
	EndGlobalSection
	GlobalSection(ExtensibilityGlobals) = postSolution
		SolutionGuid = {300935ED-EB07-4C11-8C5A-B83298077990}
	EndGlobalSection
EndGlobal
